# This file is autogenerated, do not edit; changes may be undone by the next 'dep ensure'.


[[projects]]
  digest = "1:d6afaeed1502aa28e80a4ed0981d570ad91b2579193404256ce672ed0a609e0d"
  name = "github.com/beorn7/perks"
  packages = ["quantile"]
  pruneopts = "UT"
  revision = "37c8de3658fcb183f997c4e13e8337516ab753e6"
  version = "v1.0.1"

[[projects]]
  digest = "1:4d02824a56d268f74a6b6fdd944b20b58a77c3d70e81008b3ee0c4f1a6777340"
  name = "github.com/gogo/protobuf"
  packages = [
    "proto",
    "sortkeys",
  ]
  pruneopts = "UT"
  revision = "ba06b47c162d49f2af050fb4c75bcbc86a159d5c"
  version = "v1.2.1"

[[projects]]
  digest = "1:573ca21d3669500ff845bdebee890eb7fc7f0f50c59f2132f2a0c6b03d85086a"
  name = "github.com/golang/protobuf"
  packages = ["proto"]
  pruneopts = "UT"
  revision = "6c65a5562fc06764971b7c5d05c76c75e84bdbf7"
  version = "v1.3.2"

[[projects]]
  branch = "master"
  digest = "1:3ee90c0d94da31b442dde97c99635aaafec68d0b8a3c12ee2075c6bdabeec6bb"
  name = "github.com/google/gofuzz"
  packages = ["."]
  pruneopts = "UT"
  revision = "24818f796faf91cd76ec7bddd72458fbced7a6c1"

[[projects]]
  digest = "1:7b5c6e2eeaa9ae5907c391a91c132abfd5c9e8a784a341b5625e750c67e6825d"
  name = "github.com/gorilla/websocket"
  packages = ["."]
  pruneopts = "UT"
  revision = "66b9c49e59c6c48f0ffce28c2d8b8a5678502c6d"
  version = "v1.4.0"

[[projects]]
  digest = "1:870d441fe217b8e689d7949fef6e43efbc787e50f200cb1e70dbca9204a1d6be"
  name = "github.com/inconshreveable/mousetrap"
  packages = ["."]
  pruneopts = "UT"
  revision = "76626ae9c91c4f2a10f34cad8ce83ea42c93bb75"
  version = "v1.0"

[[projects]]
  digest = "1:31e761d97c76151dde79e9d28964a812c46efc5baee4085b86f68f0c654450de"
  name = "github.com/konsorten/go-windows-terminal-sequences"
  packages = ["."]
  pruneopts = "UT"
  revision = "f55edac94c9bbba5d6182a4be46d86a2c9b5b50e"
  version = "v1.0.2"

[[projects]]
  digest = "1:ff5ebae34cfbf047d505ee150de27e60570e8c394b3b8fdbb720ff6ac71985fc"
  name = "github.com/matttproud/golang_protobuf_extensions"
  packages = ["pbutil"]
  pruneopts = "UT"
  revision = "c12348ce28de40eed0136aa2b644d0ee0650e56c"
  version = "v1.0.1"

[[projects]]
  branch = "master"
  digest = "1:906eb1ca3c8455e447b99a45237b2b9615b665608fd07ad12cce847dd9a1ec43"
  name = "github.com/morikuni/aec"
  packages = ["."]
  pruneopts = "UT"
  revision = "39771216ff4c63d11f5e604076f9c45e8be1067b"

[[projects]]
  branch = "master"
  digest = "1:a6156889b651cc0bf3d9bef82b6ba8fbb9eb19aefd7bc5718357c38b67297cbc"
  name = "github.com/mxk/go-flowrate"
  packages = ["flowrate"]
  pruneopts = "UT"
  revision = "cca7078d478f8520f85629ad7c68962d31ed7682"

[[projects]]
  digest = "1:cf31692c14422fa27c83a05292eb5cbe0fb2775972e8f1f8446a71549bd8980b"
  name = "github.com/pkg/errors"
  packages = ["."]
  pruneopts = "UT"
  revision = "ba968bfe8b2f7e042a574c888954fccecfa385b4"
  version = "v0.8.1"

[[projects]]
  digest = "1:7097829edd12fd7211fca0d29496b44f94ef9e6d72f88fb64f3d7b06315818ad"
  name = "github.com/prometheus/client_golang"
  packages = [
    "prometheus",
    "prometheus/internal",
  ]
  pruneopts = "UT"
  revision = "170205fb58decfd011f1550d4cfb737230d7ae4f"
  version = "v1.1.0"

[[projects]]
  digest = "1:982be0b5396e16a663697899ce69cc7b1e71ddcae4153af157578d4dc9bc3f88"
  name = "github.com/prometheus/client_model"
  packages = ["go"]
  pruneopts = "UT"
  revision = "d1d2010b5beead3fa1c5f271a5cf626e40b3ad6e"
  version = "v0.1.0"

[[projects]]
  digest = "1:f119e3205d3a1f0f19dbd7038eb37528e2c6f0933269dc344e305951fb87d632"
  name = "github.com/prometheus/common"
  packages = [
    "expfmt",
    "internal/bitbucket.org/ww/goautoneg",
    "model",
  ]
  pruneopts = "UT"
  revision = "287d3e634a1e550c9e463dd7e5a75a422c614505"
  version = "v0.7.0"

[[projects]]
  digest = "1:ec0ff4bd619a67065e34d6477711ed0117e335f99059a4c508e0fe21cfe7b304"
  name = "github.com/prometheus/procfs"
  packages = [
    ".",
    "internal/fs",
    "internal/util",
  ]
  pruneopts = "UT"
  revision = "6d489fc7f1d9cd890a250f3ea3431b1744b9623f"
  version = "v0.0.8"

[[projects]]
  branch = "master"
  digest = "1:bd8e4b9afe1bc3ef228e29aba3487ebe40d3d343b2c94ab0a74e5c30fda5cb99"
  name = "github.com/rancher/norman"
  packages = ["metrics"]
  pruneopts = "UT"
  revision = "5b9227fe3222a97ba5e7fe399e88a165da8063d9"

[[projects]]
  digest = "1:1e021773114790546f06a7708b3d8c21eb4c578a22017f7bc98fa3ddf20a8cad"
  name = "github.com/rancher/remotedialer"
  packages = ["."]
  pruneopts = "UT"
  revision = "c5a31e696884036dcf2202efd3a7121df912bbfe"
  version = "v0.2.3"

[[projects]]
  digest = "1:e4c72127d910a96daf869a44f3dd563b86dbe6931a172863a0e99c5ff04b59e4"
  name = "github.com/sirupsen/logrus"
  packages = ["."]
  pruneopts = "UT"
  revision = "dae0fa8d5b0c810a8ab733fbd5510c7cae84eca4"
  version = "v1.4.0"

[[projects]]
  digest = "1:645cabccbb4fa8aab25a956cbcbdf6a6845ca736b2c64e197ca7cbb9d210b939"
  name = "github.com/spf13/cobra"
  packages = ["."]
  pruneopts = "UT"
  revision = "ef82de70bb3f60c65fb8eebacbb2d122ef517385"
  version = "v0.0.3"

[[projects]]
  digest = "1:c1b1102241e7f645bc8e0c22ae352e8f0dc6484b6cb4d132fa9f24174e0119e2"
  name = "github.com/spf13/pflag"
  packages = ["."]
  pruneopts = "UT"
  revision = "298182f68c66c05229eb03ac171abe6e309ee79a"
  version = "v1.0.3"

[[projects]]
  digest = "1:8f41bbca0d6435bb54d7c090336f7693942cda30f9126eaf3959b8df48721ac3"
  name = "github.com/twinj/uuid"
  packages = ["."]
  pruneopts = "UT"
  revision = "835a10bbd6bce40820349a68b1368a62c3c5617c"
  version = "v1.0.0"

[[projects]]
  branch = "master"
  digest = "1:bbe51412d9915d64ffaa96b51d409e070665efc5194fcf145c4a27d4133107a4"
  name = "golang.org/x/crypto"
  packages = ["ssh/terminal"]
  pruneopts = "UT"
  revision = "a5d413f7728c81fb97d96a2b722368945f651e78"

[[projects]]
  branch = "master"
  digest = "1:76b7462df9ed0229ba57a3040a5b2f6de603890d8041ad03cfe8db26bf83fd04"
  name = "golang.org/x/net"
  packages = [
    "html",
    "html/atom",
    "http/httpguts",
    "http2",
    "http2/hpack",
    "idna",
  ]
  pruneopts = "UT"
  revision = "ca1201d0de80cfde86cb01aea620983605dfe99b"

[[projects]]
  branch = "master"
  digest = "1:f99b0e9035cf86cdc14cb2848308e831193d5e19ab9a23a8493cd925bdc3952b"
  name = "golang.org/x/sys"
  packages = [
    "unix",
    "windows",
  ]
  pruneopts = "UT"
  revision = "fc99dfbffb4e5ed5758a37e31dd861afe285406b"

[[projects]]
  digest = "1:a2ab62866c75542dd18d2b069fec854577a20211d7c0ea6ae746072a1dccdd18"
  name = "golang.org/x/text"
  packages = [
    "collate",
    "collate/build",
    "internal/colltab",
    "internal/gen",
    "internal/tag",
    "internal/triegen",
    "internal/ucd",
    "language",
    "secure/bidirule",
    "transform",
    "unicode/bidi",
    "unicode/cldr",
    "unicode/norm",
    "unicode/rangetable",
  ]
  pruneopts = "UT"
  revision = "f21a4dfb5e38f5895301dc265a8def02365cc3d0"
  version = "v0.3.0"

[[projects]]
  digest = "1:2d1fbdc6777e5408cabeb02bf336305e724b925ff4546ded0fa8715a7267922a"
  name = "gopkg.in/inf.v0"
  packages = ["."]
  pruneopts = "UT"
  revision = "d2d2541c53f18d2a059457998ce2876cc8e67cbf"
  version = "v0.9.1"

[[projects]]
  digest = "1:4026f395a2de521467b8144f477729b53728f0467d8341e61e2bc6575b6421fd"
  name = "k8s.io/apimachinery"
  packages = [
    "pkg/api/errors",
    "pkg/api/resource",
    "pkg/apis/meta/v1",
    "pkg/conversion",
    "pkg/conversion/queryparams",
    "pkg/fields",
    "pkg/labels",
    "pkg/runtime",
    "pkg/runtime/schema",
    "pkg/selection",
    "pkg/types",
    "pkg/util/errors",
    "pkg/util/httpstream",
    "pkg/util/intstr",
    "pkg/util/json",
    "pkg/util/naming",
    "pkg/util/net",
    "pkg/util/proxy",
    "pkg/util/runtime",
    "pkg/util/sets",
    "pkg/util/validation",
    "pkg/util/validation/field",
    "pkg/watch",
    "third_party/forked/golang/netutil",
    "third_party/forked/golang/reflect",
  ]
  pruneopts = "UT"
  revision = "86fb29eff6288413d76bd8506874fddd9fccdff0"
  version = "kubernetes-1.13.5"

[[projects]]
  digest = "1:72fd56341405f53c745377e0ebc4abeff87f1a048e0eea6568a20212650f5a82"
  name = "k8s.io/klog"
  packages = ["."]
  pruneopts = "UT"
  revision = "71442cd4037d612096940ceb0f3fec3f7fff66e0"
  version = "v0.2.0"

[solve-meta]
  analyzer-name = "dep"
  analyzer-version = 1
  input-imports = [
    "github.com/morikuni/aec",
    "github.com/pkg/errors",
    "github.com/rancher/remotedialer",
    "github.com/spf13/cobra",
    "github.com/twinj/uuid",
    "k8s.io/apimachinery/pkg/util/proxy",
  ]
  solver-name = "gps-cdcl"
  solver-version = 1
